{
  "name": "flyweb-motor-07",
  "lockfileVersion": 3,
  "requires": true,
  "packages": {
    "": {
      "name": "flyweb-motor-07",
      "dependencies": {
        "adblock-rs": "0.7.17"
      }
    },
    "node_modules/adblock-rs": {
      "version": "0.7.17",
      "resolved": "https://registry.npmjs.org/adblock-rs/-/adblock-rs-0.7.17.tgz",
      "integrity": "sha512-jjEwjTwpFAL4melI+4kw+l5IExOoNWU0MJTxCrY+j9DOVM9rmtkl6mIdAqfSzMEje65wm/KKEVdKPO6dMPWYJQ==",
      "hasInstallScript": true,
      "license": "MPL-2.0",
      "dependencies": {
        "cargo-cp-artifact": "^0.1"
      }
    },
    "node_modules/cargo-cp-artifact": {
      "version": "0.1.9",
      "resolved": "https://registry.npmjs.org/cargo-cp-artifact/-/cargo-cp-artifact-0.1.9.tgz",
      "integrity": "sha512-6F+UYzTaGB+awsTXg0uSJA1/b/B3DDJzpKVRu0UmyI7DmNeaAl2RFHuTGIN6fEgpadRxoXGb7gbC1xo4C3IdyA==",
      "license": "MIT",
      "bin": {
        "cargo-cp-artifact": "bin/cargo-cp-artifact.js"
      }
    }
  }
}
